github.com/fatih/color v0.0.0-20160317093153-533cd7fd8a85 h1:i30JFHNBhahPa7hSaGn5FoB1uckjcXCjmS5Su+NyKUI=
github.com/fatih/color v0.0.0-20160317093153-533cd7fd8a85/go.mod h1:Zm6kSWBoL9eyXnKyktHP6abPY2pDugNf5KwzbycvMj4=
github.com/inconshreveable/mousetrap v1.0.0 h1:Z8tu5sraLXCXIcARxBp/8cbvlwVa7Z1NHg9XEKhtSvM=
github.com/inconshreveable/mousetrap v1.0.0/go.mod h1:PxqpIevigyE2G7u3NXJIT2ANytuPF1OarO4DADm73n8=
github.com/kulapard/go-eatme v0.0.0-20160518150233-d9eac245488d h1:9ttR9TAxR1p4wkCKc/20RmTL4940VsW9PZXumVq/qqk=
github.com/kulapard/go-eatme v0.0.0-20160518150233-d9eac245488d/go.mod h1:YuzeSFZTKVfakCapxsL29faA5+gFzrJTmhfO+ymNaa8=
github.com/mattn/go-colorable v0.0.0-20160220075935-9cbef7c35391 h1:x4vT4RoTH2BNkPx0LgrBKeFuPQPviK1aSAIWG6ruc+Y=
github.com/mattn/go-colorable v0.0.0-20160220075935-9cbef7c35391/go.mod h1:9vuHe8Xs5qXnSaW/c/ABM9alt+Vo+STaOChaDxuIBZU=
github.com/mattn/go-isatty v0.0.0-20151211000621-56b76bdf51f7 h1:owMyzMR4QR+jSdlfkX9jPU3rsby4++j99BfbtgVr6ZY=
github.com/mattn/go-isatty v0.0.0-20151211000621-56b76bdf51f7/go.mod h1:M+lRXTBqGeGNdLjl/ufCoiOlB5xdOkqRJdNxMWT7Zi4=
github.com/spf13/cobra v0.0.0-20160403140835-4c05eb1145f1 h1:sDmwTZJ/ISNRpYFwqWtsJjxXt78gtjOpkGbhFlhUQ90=
github.com/spf13/cobra v0.0.0-20160403140835-4c05eb1145f1/go.mod h1:1l0Ry5zgKvJasoi3XT1TypsSe7PqH0Sj9dhYf7v3XqQ=
github.com/spf13/pflag v0.0.0-20160413144353-8f6a28b09165 h1:M2djTMNdRFrfI4BR3hPftzcqs7pwDA92YIs5ZDZtQ/Y=
github.com/spf13/pflag v0.0.0-20160413144353-8f6a28b09165/go.mod h1:DYY7MBk1bdzusC3SYhjObp+wFpr4gzcvqqNjLnInEg4=
golang.org/x/sys v0.0.0-20160415135844-f64b50fbea64 h1:bCcPub4lKv9/pHMpgldrftsXW84TsZrI/QPdbxiaE/4=
golang.org/x/sys v0.0.0-20160415135844-f64b50fbea64/go.mod h1:STP8DvDyc/dI5b8T5hshtkjS+E42TnysNCUPdjciGhY=
